// !$*UTF8*$!
{
	archiveVersion = 1;
	classes = {
	};
	objectVersion = 46;
	objects = {

/* Begin PBXBuildFile section */
		66C2152719A8ECC500D3515D /* MMTCColouredViewController.m in Sources */ = {isa = PBXBuildFile; fileRef = 66C2152619A8ECC500D3515D /* MMTCColouredViewController.m */; };
		66C2153119A8ED7300D3515D /* ColouredViewController.xib in Resources */ = {isa = PBXBuildFile; fileRef = 66C2153019A8ED7300D3515D /* ColouredViewController.xib */; };
		66C2153719A8EDB000D3515D /* MMTCColouredViewController+Builder.m in Sources */ = {isa = PBXBuildFile; fileRef = 66C2153619A8EDB000D3515D /* MMTCColouredViewController+Builder.m */; };
		66C2153A19A8EF7200D3515D /* MMTCPresenter.m in Sources */ = {isa = PBXBuildFile; fileRef = 66C2153919A8EF7200D3515D /* MMTCPresenter.m */; };
		66C2153D19A8F04C00D3515D /* MMTCViewController.xib in Resources */ = {isa = PBXBuildFile; fileRef = 66C2153C19A8F04C00D3515D /* MMTCViewController.xib */; };
		66C2154419A8FFA300D3515D /* MMTCViewControllersPresenter.m in Sources */ = {isa = PBXBuildFile; fileRef = 66C2154319A8FFA300D3515D /* MMTCViewControllersPresenter.m */; };
		66C2154719A92EEB00D3515D /* MMTCSchemePresenter.m in Sources */ = {isa = PBXBuildFile; fileRef = 66C2154619A92EEB00D3515D /* MMTCSchemePresenter.m */; };
		66C2154A19A9304100D3515D /* MMTCHostPresenter.m in Sources */ = {isa = PBXBuildFile; fileRef = 66C2154919A9304100D3515D /* MMTCHostPresenter.m */; };
		66C2154E19A9D87300D3515D /* MMTCPathPresenter.m in Sources */ = {isa = PBXBuildFile; fileRef = 66C2154D19A9D87300D3515D /* MMTCPathPresenter.m */; };
		66C2155219A9DB5A00D3515D /* MMTCPushPresentable.m in Sources */ = {isa = PBXBuildFile; fileRef = 66C2155119A9DB5A00D3515D /* MMTCPushPresentable.m */; };
		66C2155519A9E44900D3515D /* MMTCModalPresentable.m in Sources */ = {isa = PBXBuildFile; fileRef = 66C2155419A9E44900D3515D /* MMTCModalPresentable.m */; };
		66C2155919A9E4E900D3515D /* MMTCPresentable.m in Sources */ = {isa = PBXBuildFile; fileRef = 66C2155819A9E4E900D3515D /* MMTCPresentable.m */; };
		66C2155C19A9E70400D3515D /* MMTCMailToPresenter.m in Sources */ = {isa = PBXBuildFile; fileRef = 66C2155B19A9E70400D3515D /* MMTCMailToPresenter.m */; };
		66C2155F19A9E9C000D3515D /* MMTCLaunchURLTrigger.m in Sources */ = {isa = PBXBuildFile; fileRef = 66C2155E19A9E9C000D3515D /* MMTCLaunchURLTrigger.m */; };
		66C2156319A9F33800D3515D /* MMTCPresenterBase.m in Sources */ = {isa = PBXBuildFile; fileRef = 66C2156219A9F33800D3515D /* MMTCPresenterBase.m */; };
		66E124E519A8DC0900099899 /* Foundation.framework in Frameworks */ = {isa = PBXBuildFile; fileRef = 66E124E419A8DC0900099899 /* Foundation.framework */; };
		66E124E719A8DC0900099899 /* CoreGraphics.framework in Frameworks */ = {isa = PBXBuildFile; fileRef = 66E124E619A8DC0900099899 /* CoreGraphics.framework */; };
		66E124E919A8DC0900099899 /* UIKit.framework in Frameworks */ = {isa = PBXBuildFile; fileRef = 66E124E819A8DC0900099899 /* UIKit.framework */; };
		66E1250019A8DC0900099899 /* Images.xcassets in Resources */ = {isa = PBXBuildFile; fileRef = 66E124FF19A8DC0900099899 /* Images.xcassets */; };
		66E1250719A8DC0900099899 /* XCTest.framework in Frameworks */ = {isa = PBXBuildFile; fileRef = 66E1250619A8DC0900099899 /* XCTest.framework */; };
		66E1250819A8DC0900099899 /* Foundation.framework in Frameworks */ = {isa = PBXBuildFile; fileRef = 66E124E419A8DC0900099899 /* Foundation.framework */; };
		66E1250919A8DC0900099899 /* UIKit.framework in Frameworks */ = {isa = PBXBuildFile; fileRef = 66E124E819A8DC0900099899 /* UIKit.framework */; };
		66E1251119A8DC0900099899 /* InfoPlist.strings in Resources */ = {isa = PBXBuildFile; fileRef = 66E1250F19A8DC0900099899 /* InfoPlist.strings */; };
		66E1251E19A8DD6800099899 /* MMTCLaunchURLHandler.m in Sources */ = {isa = PBXBuildFile; fileRef = 66E1251D19A8DD6800099899 /* MMTCLaunchURLHandler.m */; };
		66E1252519A8DDE700099899 /* main.m in Sources */ = {isa = PBXBuildFile; fileRef = 66E1252319A8DDE700099899 /* main.m */; };
		66E1252D19A8DEAD00099899 /* MMTCAppDelegate.m in Sources */ = {isa = PBXBuildFile; fileRef = 66E1252919A8DEAD00099899 /* MMTCAppDelegate.m */; };
		66E1252E19A8DEAD00099899 /* MMTCViewController.m in Sources */ = {isa = PBXBuildFile; fileRef = 66E1252C19A8DEAD00099899 /* MMTCViewController.m */; };
		66E1253019A8E24100099899 /* MMTCLaunchURLHandlerTests.m in Sources */ = {isa = PBXBuildFile; fileRef = 66E1252F19A8E24100099899 /* MMTCLaunchURLHandlerTests.m */; };
/* End PBXBuildFile section */

/* Begin PBXContainerItemProxy section */
		66E1250A19A8DC0900099899 /* PBXContainerItemProxy */ = {
			isa = PBXContainerItemProxy;
			containerPortal = 66E124D919A8DC0900099899 /* Project object */;
			proxyType = 1;
			remoteGlobalIDString = 66E124E019A8DC0900099899;
			remoteInfo = BuildingAURLDrivenApp;
		};
/* End PBXContainerItemProxy section */

/* Begin PBXFileReference section */
		66C2152519A8ECC500D3515D /* MMTCColouredViewController.h */ = {isa = PBXFileReference; fileEncoding = 4; lastKnownFileType = sourcecode.c.h; name = MMTCColouredViewController.h; path = ColouredViewController/MMTCColouredViewController.h; sourceTree = "<group>"; };
		66C2152619A8ECC500D3515D /* MMTCColouredViewController.m */ = {isa = PBXFileReference; fileEncoding = 4; lastKnownFileType = sourcecode.c.objc; name = MMTCColouredViewController.m; path = ColouredViewController/MMTCColouredViewController.m; sourceTree = "<group>"; };
		66C2153019A8ED7300D3515D /* ColouredViewController.xib */ = {isa = PBXFileReference; fileEncoding = 4; lastKnownFileType = file.xib; name = ColouredViewController.xib; path = ColouredViewController/ColouredViewController.xib; sourceTree = "<group>"; };
		66C2153519A8EDB000D3515D /* MMTCColouredViewController+Builder.h */ = {isa = PBXFileReference; fileEncoding = 4; lastKnownFileType = sourcecode.c.h; name = "MMTCColouredViewController+Builder.h"; path = "ColouredViewController/MMTCColouredViewController+Builder.h"; sourceTree = "<group>"; };
		66C2153619A8EDB000D3515D /* MMTCColouredViewController+Builder.m */ = {isa = PBXFileReference; fileEncoding = 4; lastKnownFileType = sourcecode.c.objc; name = "MMTCColouredViewController+Builder.m"; path = "ColouredViewController/MMTCColouredViewController+Builder.m"; sourceTree = "<group>"; };
		66C2153819A8EF7200D3515D /* MMTCPresenter.h */ = {isa = PBXFileReference; fileEncoding = 4; lastKnownFileType = sourcecode.c.h; name = MMTCPresenter.h; path = Presenter/MMTCPresenter.h; sourceTree = "<group>"; };
		66C2153919A8EF7200D3515D /* MMTCPresenter.m */ = {isa = PBXFileReference; fileEncoding = 4; lastKnownFileType = sourcecode.c.objc; name = MMTCPresenter.m; path = Presenter/MMTCPresenter.m; sourceTree = "<group>"; };
		66C2153C19A8F04C00D3515D /* MMTCViewController.xib */ = {isa = PBXFileReference; fileEncoding = 4; lastKnownFileType = file.xib; path = MMTCViewController.xib; sourceTree = "<group>"; };
		66C2154219A8FFA300D3515D /* MMTCViewControllersPresenter.h */ = {isa = PBXFileReference; fileEncoding = 4; lastKnownFileType = sourcecode.c.h; name = MMTCViewControllersPresenter.h; path = Presenter/MMTCViewControllersPresenter.h; sourceTree = "<group>"; };
		66C2154319A8FFA300D3515D /* MMTCViewControllersPresenter.m */ = {isa = PBXFileReference; fileEncoding = 4; lastKnownFileType = sourcecode.c.objc; name = MMTCViewControllersPresenter.m; path = Presenter/MMTCViewControllersPresenter.m; sourceTree = "<group>"; };
		66C2154519A92EEB00D3515D /* MMTCSchemePresenter.h */ = {isa = PBXFileReference; fileEncoding = 4; lastKnownFileType = sourcecode.c.h; name = MMTCSchemePresenter.h; path = Presenter/MMTCSchemePresenter.h; sourceTree = "<group>"; };
		66C2154619A92EEB00D3515D /* MMTCSchemePresenter.m */ = {isa = PBXFileReference; fileEncoding = 4; lastKnownFileType = sourcecode.c.objc; name = MMTCSchemePresenter.m; path = Presenter/MMTCSchemePresenter.m; sourceTree = "<group>"; };
		66C2154819A9304100D3515D /* MMTCHostPresenter.h */ = {isa = PBXFileReference; fileEncoding = 4; lastKnownFileType = sourcecode.c.h; name = MMTCHostPresenter.h; path = Presenter/MMTCHostPresenter.h; sourceTree = "<group>"; };
		66C2154919A9304100D3515D /* MMTCHostPresenter.m */ = {isa = PBXFileReference; fileEncoding = 4; lastKnownFileType = sourcecode.c.objc; name = MMTCHostPresenter.m; path = Presenter/MMTCHostPresenter.m; sourceTree = "<group>"; };
		66C2154B19A9D59600D3515D /* MMTCPresenterProtocol.h */ = {isa = PBXFileReference; lastKnownFileType = sourcecode.c.h; name = MMTCPresenterProtocol.h; path = Presenter/MMTCPresenterProtocol.h; sourceTree = "<group>"; };
		66C2154C19A9D87300D3515D /* MMTCPathPresenter.h */ = {isa = PBXFileReference; fileEncoding = 4; lastKnownFileType = sourcecode.c.h; name = MMTCPathPresenter.h; path = Presenter/MMTCPathPresenter.h; sourceTree = "<group>"; };
		66C2154D19A9D87300D3515D /* MMTCPathPresenter.m */ = {isa = PBXFileReference; fileEncoding = 4; lastKnownFileType = sourcecode.c.objc; name = MMTCPathPresenter.m; path = Presenter/MMTCPathPresenter.m; sourceTree = "<group>"; };
		66C2154F19A9DA6500D3515D /* MMTCPresentableProtocol.h */ = {isa = PBXFileReference; lastKnownFileType = sourcecode.c.h; name = MMTCPresentableProtocol.h; path = Presenter/MMTCPresentableProtocol.h; sourceTree = "<group>"; };
		66C2155019A9DB5A00D3515D /* MMTCPushPresentable.h */ = {isa = PBXFileReference; fileEncoding = 4; lastKnownFileType = sourcecode.c.h; name = MMTCPushPresentable.h; path = Presenter/MMTCPushPresentable.h; sourceTree = "<group>"; };
		66C2155119A9DB5A00D3515D /* MMTCPushPresentable.m */ = {isa = PBXFileReference; fileEncoding = 4; lastKnownFileType = sourcecode.c.objc; name = MMTCPushPresentable.m; path = Presenter/MMTCPushPresentable.m; sourceTree = "<group>"; };
		66C2155319A9E44900D3515D /* MMTCModalPresentable.h */ = {isa = PBXFileReference; fileEncoding = 4; lastKnownFileType = sourcecode.c.h; name = MMTCModalPresentable.h; path = Presenter/MMTCModalPresentable.h; sourceTree = "<group>"; };
		66C2155419A9E44900D3515D /* MMTCModalPresentable.m */ = {isa = PBXFileReference; fileEncoding = 4; lastKnownFileType = sourcecode.c.objc; name = MMTCModalPresentable.m; path = Presenter/MMTCModalPresentable.m; sourceTree = "<group>"; };
		66C2155719A9E4E900D3515D /* MMTCPresentable.h */ = {isa = PBXFileReference; fileEncoding = 4; lastKnownFileType = sourcecode.c.h; name = MMTCPresentable.h; path = Presenter/Presentable/MMTCPresentable.h; sourceTree = "<group>"; };
		66C2155819A9E4E900D3515D /* MMTCPresentable.m */ = {isa = PBXFileReference; fileEncoding = 4; lastKnownFileType = sourcecode.c.objc; name = MMTCPresentable.m; path = Presenter/Presentable/MMTCPresentable.m; sourceTree = "<group>"; };
		66C2155A19A9E70400D3515D /* MMTCMailToPresenter.h */ = {isa = PBXFileReference; fileEncoding = 4; lastKnownFileType = sourcecode.c.h; name = MMTCMailToPresenter.h; path = Presenter/MMTCMailToPresenter.h; sourceTree = "<group>"; };
		66C2155B19A9E70400D3515D /* MMTCMailToPresenter.m */ = {isa = PBXFileReference; fileEncoding = 4; lastKnownFileType = sourcecode.c.objc; name = MMTCMailToPresenter.m; path = Presenter/MMTCMailToPresenter.m; sourceTree = "<group>"; };
		66C2155D19A9E9C000D3515D /* MMTCLaunchURLTrigger.h */ = {isa = PBXFileReference; fileEncoding = 4; lastKnownFileType = sourcecode.c.h; name = MMTCLaunchURLTrigger.h; path = BuildingAURLDrivenApp/LaunchURLTrigger/MMTCLaunchURLTrigger.h; sourceTree = "<group>"; };
		66C2155E19A9E9C000D3515D /* MMTCLaunchURLTrigger.m */ = {isa = PBXFileReference; fileEncoding = 4; lastKnownFileType = sourcecode.c.objc; name = MMTCLaunchURLTrigger.m; path = BuildingAURLDrivenApp/LaunchURLTrigger/MMTCLaunchURLTrigger.m; sourceTree = "<group>"; };
		66C2156119A9F33800D3515D /* MMTCPresenterBase.h */ = {isa = PBXFileReference; fileEncoding = 4; lastKnownFileType = sourcecode.c.h; name = MMTCPresenterBase.h; path = Presenter/MMTCPresenterBase.h; sourceTree = "<group>"; };
		66C2156219A9F33800D3515D /* MMTCPresenterBase.m */ = {isa = PBXFileReference; fileEncoding = 4; lastKnownFileType = sourcecode.c.objc; name = MMTCPresenterBase.m; path = Presenter/MMTCPresenterBase.m; sourceTree = "<group>"; };
		66E124E119A8DC0900099899 /* BuildingAURLDrivenApp.app */ = {isa = PBXFileReference; explicitFileType = wrapper.application; includeInIndex = 0; path = BuildingAURLDrivenApp.app; sourceTree = BUILT_PRODUCTS_DIR; };
		66E124E419A8DC0900099899 /* Foundation.framework */ = {isa = PBXFileReference; lastKnownFileType = wrapper.framework; name = Foundation.framework; path = System/Library/Frameworks/Foundation.framework; sourceTree = SDKROOT; };
		66E124E619A8DC0900099899 /* CoreGraphics.framework */ = {isa = PBXFileReference; lastKnownFileType = wrapper.framework; name = CoreGraphics.framework; path = System/Library/Frameworks/CoreGraphics.framework; sourceTree = SDKROOT; };
		66E124E819A8DC0900099899 /* UIKit.framework */ = {isa = PBXFileReference; lastKnownFileType = wrapper.framework; name = UIKit.framework; path = System/Library/Frameworks/UIKit.framework; sourceTree = SDKROOT; };
		66E124FF19A8DC0900099899 /* Images.xcassets */ = {isa = PBXFileReference; lastKnownFileType = folder.assetcatalog; path = Images.xcassets; sourceTree = "<group>"; };
		66E1250519A8DC0900099899 /* BuildingAURLDrivenAppTests.xctest */ = {isa = PBXFileReference; explicitFileType = wrapper.cfbundle; includeInIndex = 0; path = BuildingAURLDrivenAppTests.xctest; sourceTree = BUILT_PRODUCTS_DIR; };
		66E1250619A8DC0900099899 /* XCTest.framework */ = {isa = PBXFileReference; lastKnownFileType = wrapper.framework; name = XCTest.framework; path = Library/Frameworks/XCTest.framework; sourceTree = DEVELOPER_DIR; };
		66E1250E19A8DC0900099899 /* BuildingAURLDrivenAppTests-Info.plist */ = {isa = PBXFileReference; lastKnownFileType = text.plist.xml; path = "BuildingAURLDrivenAppTests-Info.plist"; sourceTree = "<group>"; };
		66E1251019A8DC0900099899 /* en */ = {isa = PBXFileReference; lastKnownFileType = text.plist.strings; name = en; path = en.lproj/InfoPlist.strings; sourceTree = "<group>"; };
		66E1251C19A8DD6800099899 /* MMTCLaunchURLHandler.h */ = {isa = PBXFileReference; fileEncoding = 4; lastKnownFileType = sourcecode.c.h; name = MMTCLaunchURLHandler.h; path = LaunchURLHander/MMTCLaunchURLHandler.h; sourceTree = "<group>"; };
		66E1251D19A8DD6800099899 /* MMTCLaunchURLHandler.m */ = {isa = PBXFileReference; fileEncoding = 4; lastKnownFileType = sourcecode.c.objc; name = MMTCLaunchURLHandler.m; path = LaunchURLHander/MMTCLaunchURLHandler.m; sourceTree = "<group>"; };
		66E1252119A8DDE700099899 /* BuildingAURLDrivenApp-Info.plist */ = {isa = PBXFileReference; fileEncoding = 4; lastKnownFileType = text.plist.xml; path = "BuildingAURLDrivenApp-Info.plist"; sourceTree = "<group>"; };
		66E1252219A8DDE700099899 /* BuildingAURLDrivenApp-Prefix.pch */ = {isa = PBXFileReference; fileEncoding = 4; lastKnownFileType = sourcecode.c.h; path = "BuildingAURLDrivenApp-Prefix.pch"; sourceTree = "<group>"; };
		66E1252319A8DDE700099899 /* main.m */ = {isa = PBXFileReference; fileEncoding = 4; lastKnownFileType = sourcecode.c.objc; path = main.m; sourceTree = "<group>"; };
		66E1252819A8DEAD00099899 /* MMTCAppDelegate.h */ = {isa = PBXFileReference; fileEncoding = 4; lastKnownFileType = sourcecode.c.h; path = MMTCAppDelegate.h; sourceTree = "<group>"; };
		66E1252919A8DEAD00099899 /* MMTCAppDelegate.m */ = {isa = PBXFileReference; fileEncoding = 4; lastKnownFileType = sourcecode.c.objc; path = MMTCAppDelegate.m; sourceTree = "<group>"; };
		66E1252B19A8DEAD00099899 /* MMTCViewController.h */ = {isa = PBXFileReference; fileEncoding = 4; lastKnownFileType = sourcecode.c.h; path = MMTCViewController.h; sourceTree = "<group>"; };
		66E1252C19A8DEAD00099899 /* MMTCViewController.m */ = {isa = PBXFileReference; fileEncoding = 4; lastKnownFileType = sourcecode.c.objc; path = MMTCViewController.m; sourceTree = "<group>"; };
		66E1252F19A8E24100099899 /* MMTCLaunchURLHandlerTests.m */ = {isa = PBXFileReference; fileEncoding = 4; lastKnownFileType = sourcecode.c.objc; path = MMTCLaunchURLHandlerTests.m; sourceTree = "<group>"; };
/* End PBXFileReference section */

/* Begin PBXFrameworksBuildPhase section */
		66E124DE19A8DC0900099899 /* Frameworks */ = {
			isa = PBXFrameworksBuildPhase;
			buildActionMask = 2147483647;
			files = (
				66E124E719A8DC0900099899 /* CoreGraphics.framework in Frameworks */,
				66E124E919A8DC0900099899 /* UIKit.framework in Frameworks */,
				66E124E519A8DC0900099899 /* Foundation.framework in Frameworks */,
			);
			runOnlyForDeploymentPostprocessing = 0;
		};
		66E1250219A8DC0900099899 /* Frameworks */ = {
			isa = PBXFrameworksBuildPhase;
			buildActionMask = 2147483647;
			files = (
				66E1250719A8DC0900099899 /* XCTest.framework in Frameworks */,
				66E1250919A8DC0900099899 /* UIKit.framework in Frameworks */,
				66E1250819A8DC0900099899 /* Foundation.framework in Frameworks */,
			);
			runOnlyForDeploymentPostprocessing = 0;
		};
/* End PBXFrameworksBuildPhase section */

/* Begin PBXGroup section */
		66C2152819A8ECD000D3515D /* ColouredViewController */ = {
			isa = PBXGroup;
			children = (
				66C2153519A8EDB000D3515D /* MMTCColouredViewController+Builder.h */,
				66C2153619A8EDB000D3515D /* MMTCColouredViewController+Builder.m */,
				66C2152519A8ECC500D3515D /* MMTCColouredViewController.h */,
				66C2152619A8ECC500D3515D /* MMTCColouredViewController.m */,
				66C2153019A8ED7300D3515D /* ColouredViewController.xib */,
			);
			name = ColouredViewController;
			sourceTree = "<group>";
		};
		66C2153B19A8EF8300D3515D /* Presenter */ = {
			isa = PBXGroup;
			children = (
				66C2155619A9E45600D3515D /* Presentable */,
				66C2154B19A9D59600D3515D /* MMTCPresenterProtocol.h */,
				66C2156119A9F33800D3515D /* MMTCPresenterBase.h */,
				66C2156219A9F33800D3515D /* MMTCPresenterBase.m */,
				66C2153819A8EF7200D3515D /* MMTCPresenter.h */,
				66C2153919A8EF7200D3515D /* MMTCPresenter.m */,
				66C2154519A92EEB00D3515D /* MMTCSchemePresenter.h */,
				66C2154619A92EEB00D3515D /* MMTCSchemePresenter.m */,
				66C2154819A9304100D3515D /* MMTCHostPresenter.h */,
				66C2154919A9304100D3515D /* MMTCHostPresenter.m */,
				66C2154C19A9D87300D3515D /* MMTCPathPresenter.h */,
				66C2154D19A9D87300D3515D /* MMTCPathPresenter.m */,
				66C2154219A8FFA300D3515D /* MMTCViewControllersPresenter.h */,
				66C2154319A8FFA300D3515D /* MMTCViewControllersPresenter.m */,
				66C2155A19A9E70400D3515D /* MMTCMailToPresenter.h */,
				66C2155B19A9E70400D3515D /* MMTCMailToPresenter.m */,
			);
			name = Presenter;
			sourceTree = "<group>";
		};
		66C2155619A9E45600D3515D /* Presentable */ = {
			isa = PBXGroup;
			children = (
				66C2154F19A9DA6500D3515D /* MMTCPresentableProtocol.h */,
				66C2155719A9E4E900D3515D /* MMTCPresentable.h */,
				66C2155819A9E4E900D3515D /* MMTCPresentable.m */,
				66C2155319A9E44900D3515D /* MMTCModalPresentable.h */,
				66C2155419A9E44900D3515D /* MMTCModalPresentable.m */,
				66C2155019A9DB5A00D3515D /* MMTCPushPresentable.h */,
				66C2155119A9DB5A00D3515D /* MMTCPushPresentable.m */,
			);
			name = Presentable;
			sourceTree = "<group>";
		};
		66C2156019A9EA1300D3515D /* LaunchURLTrigger */ = {
			isa = PBXGroup;
			children = (
				66C2155D19A9E9C000D3515D /* MMTCLaunchURLTrigger.h */,
				66C2155E19A9E9C000D3515D /* MMTCLaunchURLTrigger.m */,
			);
			name = LaunchURLTrigger;
			path = ..;
			sourceTree = "<group>";
		};
		66E124D819A8DC0900099899 = {
			isa = PBXGroup;
			children = (
				66E124EA19A8DC0900099899 /* BuildingAURLDrivenApp */,
				66E1250C19A8DC0900099899 /* BuildingAURLDrivenAppTests */,
				66E124E319A8DC0900099899 /* Frameworks */,
				66E124E219A8DC0900099899 /* Products */,
			);
			sourceTree = "<group>";
		};
		66E124E219A8DC0900099899 /* Products */ = {
			isa = PBXGroup;
			children = (
				66E124E119A8DC0900099899 /* BuildingAURLDrivenApp.app */,
				66E1250519A8DC0900099899 /* BuildingAURLDrivenAppTests.xctest */,
			);
			name = Products;
			sourceTree = "<group>";
		};
		66E124E319A8DC0900099899 /* Frameworks */ = {
			isa = PBXGroup;
			children = (
				66E124E419A8DC0900099899 /* Foundation.framework */,
				66E124E619A8DC0900099899 /* CoreGraphics.framework */,
				66E124E819A8DC0900099899 /* UIKit.framework */,
				66E1250619A8DC0900099899 /* XCTest.framework */,
			);
			name = Frameworks;
			sourceTree = "<group>";
		};
		66E124EA19A8DC0900099899 /* BuildingAURLDrivenApp */ = {
			isa = PBXGroup;
			children = (
				66E1252719A8DEAD00099899 /* AppDelegate */,
				66E1252A19A8DEAD00099899 /* ViewController */,
				66C2152819A8ECD000D3515D /* ColouredViewController */,
				66E1251F19A8DD7100099899 /* LaunchURLHandler */,
				66C2156019A9EA1300D3515D /* LaunchURLTrigger */,
				66C2153B19A8EF8300D3515D /* Presenter */,
				66E1252019A8DDE700099899 /* SupportingFiles */,
				66E124FF19A8DC0900099899 /* Images.xcassets */,
			);
			path = BuildingAURLDrivenApp;
			sourceTree = "<group>";
		};
		66E1250C19A8DC0900099899 /* BuildingAURLDrivenAppTests */ = {
			isa = PBXGroup;
			children = (
				66E1250D19A8DC0900099899 /* Supporting Files */,
				66E1252F19A8E24100099899 /* MMTCLaunchURLHandlerTests.m */,
			);
			path = BuildingAURLDrivenAppTests;
			sourceTree = "<group>";
		};
		66E1250D19A8DC0900099899 /* Supporting Files */ = {
			isa = PBXGroup;
			children = (
				66E1250E19A8DC0900099899 /* BuildingAURLDrivenAppTests-Info.plist */,
				66E1250F19A8DC0900099899 /* InfoPlist.strings */,
			);
			name = "Supporting Files";
			sourceTree = "<group>";
		};
		66E1251F19A8DD7100099899 /* LaunchURLHandler */ = {
			isa = PBXGroup;
			children = (
				66E1251C19A8DD6800099899 /* MMTCLaunchURLHandler.h */,
				66E1251D19A8DD6800099899 /* MMTCLaunchURLHandler.m */,
			);
			name = LaunchURLHandler;
			sourceTree = "<group>";
		};
		66E1252019A8DDE700099899 /* SupportingFiles */ = {
			isa = PBXGroup;
			children = (
				66E1252119A8DDE700099899 /* BuildingAURLDrivenApp-Info.plist */,
				66E1252219A8DDE700099899 /* BuildingAURLDrivenApp-Prefix.pch */,
				66E1252319A8DDE700099899 /* main.m */,
			);
			path = SupportingFiles;
			sourceTree = "<group>";
		};
		66E1252719A8DEAD00099899 /* AppDelegate */ = {
			isa = PBXGroup;
			children = (
				66E1252819A8DEAD00099899 /* MMTCAppDelegate.h */,
				66E1252919A8DEAD00099899 /* MMTCAppDelegate.m */,
			);
			path = AppDelegate;
			sourceTree = "<group>";
		};
		66E1252A19A8DEAD00099899 /* ViewController */ = {
			isa = PBXGroup;
			children = (
				66E1252B19A8DEAD00099899 /* MMTCViewController.h */,
				66E1252C19A8DEAD00099899 /* MMTCViewController.m */,
				66C2153C19A8F04C00D3515D /* MMTCViewController.xib */,
			);
			path = ViewController;
			sourceTree = "<group>";
		};
/* End PBXGroup section */

/* Begin PBXNativeTarget section */
		66E124E019A8DC0900099899 /* BuildingAURLDrivenApp */ = {
			isa = PBXNativeTarget;
			buildConfigurationList = 66E1251619A8DC0900099899 /* Build configuration list for PBXNativeTarget "BuildingAURLDrivenApp" */;
			buildPhases = (
				66E124DD19A8DC0900099899 /* Sources */,
				66E124DE19A8DC0900099899 /* Frameworks */,
				66E124DF19A8DC0900099899 /* Resources */,
			);
			buildRules = (
			);
			dependencies = (
			);
			name = BuildingAURLDrivenApp;
			productName = BuildingAURLDrivenApp;
			productReference = 66E124E119A8DC0900099899 /* BuildingAURLDrivenApp.app */;
			productType = "com.apple.product-type.application";
		};
		66E1250419A8DC0900099899 /* BuildingAURLDrivenAppTests */ = {
			isa = PBXNativeTarget;
			buildConfigurationList = 66E1251919A8DC0900099899 /* Build configuration list for PBXNativeTarget "BuildingAURLDrivenAppTests" */;
			buildPhases = (
				66E1250119A8DC0900099899 /* Sources */,
				66E1250219A8DC0900099899 /* Frameworks */,
				66E1250319A8DC0900099899 /* Resources */,
			);
			buildRules = (
			);
			dependencies = (
				66E1250B19A8DC0900099899 /* PBXTargetDependency */,
			);
			name = BuildingAURLDrivenAppTests;
			productName = BuildingAURLDrivenAppTests;
			productReference = 66E1250519A8DC0900099899 /* BuildingAURLDrivenAppTests.xctest */;
			productType = "com.apple.product-type.bundle.unit-test";
		};
/* End PBXNativeTarget section */

/* Begin PBXProject section */
		66E124D919A8DC0900099899 /* Project object */ = {
			isa = PBXProject;
			attributes = {
				CLASSPREFIX = MMTC;
				LastUpgradeCheck = 0510;
				ORGANIZATIONNAME = "Michael May & Tim Chilvers";
				TargetAttributes = {
					66E1250419A8DC0900099899 = {
						TestTargetID = 66E124E019A8DC0900099899;
					};
				};
			};
			buildConfigurationList = 66E124DC19A8DC0900099899 /* Build configuration list for PBXProject "BuildingAURLDrivenApp" */;
			compatibilityVersion = "Xcode 3.2";
			developmentRegion = English;
			hasScannedForEncodings = 0;
			knownRegions = (
				en,
				Base,
			);
			mainGroup = 66E124D819A8DC0900099899;
			productRefGroup = 66E124E219A8DC0900099899 /* Products */;
			projectDirPath = "";
			projectRoot = "";
			targets = (
				66E124E019A8DC0900099899 /* BuildingAURLDrivenApp */,
				66E1250419A8DC0900099899 /* BuildingAURLDrivenAppTests */,
			);
		};
/* End PBXProject section */

/* Begin PBXResourcesBuildPhase section */
		66E124DF19A8DC0900099899 /* Resources */ = {
			isa = PBXResourcesBuildPhase;
			buildActionMask = 2147483647;
			files = (
				66C2153119A8ED7300D3515D /* ColouredViewController.xib in Resources */,
				66E1250019A8DC0900099899 /* Images.xcassets in Resources */,
				66C2153D19A8F04C00D3515D /* MMTCViewController.xib in Resources */,
			);
			runOnlyForDeploymentPostprocessing = 0;
		};
		66E1250319A8DC0900099899 /* Resources */ = {
			isa = PBXResourcesBuildPhase;
			buildActionMask = 2147483647;
			files = (
				66E1251119A8DC0900099899 /* InfoPlist.strings in Resources */,
			);
			runOnlyForDeploymentPostprocessing = 0;
		};
/* End PBXResourcesBuildPhase section */

/* Begin PBXSourcesBuildPhase section */
		66E124DD19A8DC0900099899 /* Sources */ = {
			isa = PBXSourcesBuildPhase;
			buildActionMask = 2147483647;
			files = (
				66E1252D19A8DEAD00099899 /* MMTCAppDelegate.m in Sources */,
				66C2155519A9E44900D3515D /* MMTCModalPresentable.m in Sources */,
				66C2153A19A8EF7200D3515D /* MMTCPresenter.m in Sources */,
				66E1251E19A8DD6800099899 /* MMTCLaunchURLHandler.m in Sources */,
				66C2155F19A9E9C000D3515D /* MMTCLaunchURLTrigger.m in Sources */,
				66C2154E19A9D87300D3515D /* MMTCPathPresenter.m in Sources */,
				66C2154A19A9304100D3515D /* MMTCHostPresenter.m in Sources */,
				66C2154719A92EEB00D3515D /* MMTCSchemePresenter.m in Sources */,
				66C2153719A8EDB000D3515D /* MMTCColouredViewController+Builder.m in Sources */,
				66C2155919A9E4E900D3515D /* MMTCPresentable.m in Sources */,
				66C2154419A8FFA300D3515D /* MMTCViewControllersPresenter.m in Sources */,
				66C2152719A8ECC500D3515D /* MMTCColouredViewController.m in Sources */,
				66C2155C19A9E70400D3515D /* MMTCMailToPresenter.m in Sources */,
				66E1252519A8DDE700099899 /* main.m in Sources */,
				66C2156319A9F33800D3515D /* MMTCPresenterBase.m in Sources */,
				66C2155219A9DB5A00D3515D /* MMTCPushPresentable.m in Sources */,
				66E1252E19A8DEAD00099899 /* MMTCViewController.m in Sources */,
			);
			runOnlyForDeploymentPostprocessing = 0;
		};
		66E1250119A8DC0900099899 /* Sources */ = {
			isa = PBXSourcesBuildPhase;
			buildActionMask = 2147483647;
			files = (
				66E1253019A8E24100099899 /* MMTCLaunchURLHandlerTests.m in Sources */,
			);
			runOnlyForDeploymentPostprocessing = 0;
		};
/* End PBXSourcesBuildPhase section */

/* Begin PBXTargetDependency section */
		66E1250B19A8DC0900099899 /* PBXTargetDependency */ = {
			isa = PBXTargetDependency;
			target = 66E124E019A8DC0900099899 /* BuildingAURLDrivenApp */;
			targetProxy = 66E1250A19A8DC0900099899 /* PBXContainerItemProxy */;
		};
/* End PBXTargetDependency section */

/* Begin PBXVariantGroup section */
		66E1250F19A8DC0900099899 /* InfoPlist.strings */ = {
			isa = PBXVariantGroup;
			children = (
				66E1251019A8DC0900099899 /* en */,
			);
			name = InfoPlist.strings;
			sourceTree = "<group>";
		};
/* End PBXVariantGroup section */

/* Begin XCBuildConfiguration section */
		66E1251419A8DC0900099899 /* Debug */ = {
			isa = XCBuildConfiguration;
			buildSettings = {
				ALWAYS_SEARCH_USER_PATHS = NO;
				CLANG_CXX_LANGUAGE_STANDARD = "gnu++0x";
				CLANG_CXX_LIBRARY = "libc++";
				CLANG_ENABLE_MODULES = YES;
				CLANG_ENABLE_OBJC_ARC = YES;
				CLANG_WARN_BOOL_CONVERSION = YES;
				CLANG_WARN_CONSTANT_CONVERSION = YES;
				CLANG_WARN_DIRECT_OBJC_ISA_USAGE = YES_ERROR;
				CLANG_WARN_EMPTY_BODY = YES;
				CLANG_WARN_ENUM_CONVERSION = YES;
				CLANG_WARN_INT_CONVERSION = YES;
				CLANG_WARN_OBJC_ROOT_CLASS = YES_ERROR;
				CLANG_WARN__DUPLICATE_METHOD_MATCH = YES;
				"CODE_SIGN_IDENTITY[sdk=iphoneos*]" = "iPhone Developer";
				COPY_PHASE_STRIP = NO;
				GCC_C_LANGUAGE_STANDARD = gnu99;
				GCC_DYNAMIC_NO_PIC = NO;
				GCC_OPTIMIZATION_LEVEL = 0;
				GCC_PREPROCESSOR_DEFINITIONS = (
					"DEBUG=1",
					"$(inherited)",
				);
				GCC_SYMBOLS_PRIVATE_EXTERN = NO;
				GCC_WARN_64_TO_32_BIT_CONVERSION = YES;
				GCC_WARN_ABOUT_RETURN_TYPE = YES_ERROR;
				GCC_WARN_UNDECLARED_SELECTOR = YES;
				GCC_WARN_UNINITIALIZED_AUTOS = YES_AGGRESSIVE;
				GCC_WARN_UNUSED_FUNCTION = YES;
				GCC_WARN_UNUSED_VARIABLE = YES;
				IPHONEOS_DEPLOYMENT_TARGET = 7.1;
				ONLY_ACTIVE_ARCH = YES;
				SDKROOT = iphoneos;
				TARGETED_DEVICE_FAMILY = "1,2";
			};
			name = Debug;
		};
		66E1251519A8DC0900099899 /* Release */ = {
			isa = XCBuildConfiguration;
			buildSettings = {
				ALWAYS_SEARCH_USER_PATHS = NO;
				CLANG_CXX_LANGUAGE_STANDARD = "gnu++0x";
				CLANG_CXX_LIBRARY = "libc++";
				CLANG_ENABLE_MODULES = YES;
				CLANG_ENABLE_OBJC_ARC = YES;
				CLANG_WARN_BOOL_CONVERSION = YES;
				CLANG_WARN_CONSTANT_CONVERSION = YES;
				CLANG_WARN_DIRECT_OBJC_ISA_USAGE = YES_ERROR;
				CLANG_WARN_EMPTY_BODY = YES;
				CLANG_WARN_ENUM_CONVERSION = YES;
				CLANG_WARN_INT_CONVERSION = YES;
				CLANG_WARN_OBJC_ROOT_CLASS = YES_ERROR;
				CLANG_WARN__DUPLICATE_METHOD_MATCH = YES;
				"CODE_SIGN_IDENTITY[sdk=iphoneos*]" = "iPhone Developer";
				COPY_PHASE_STRIP = YES;
				ENABLE_NS_ASSERTIONS = NO;
				GCC_C_LANGUAGE_STANDARD = gnu99;
				GCC_WARN_64_TO_32_BIT_CONVERSION = YES;
				GCC_WARN_ABOUT_RETURN_TYPE = YES_ERROR;
				GCC_WARN_UNDECLARED_SELECTOR = YES;
				GCC_WARN_UNINITIALIZED_AUTOS = YES_AGGRESSIVE;
				GCC_WARN_UNUSED_FUNCTION = YES;
				GCC_WARN_UNUSED_VARIABLE = YES;
				IPHONEOS_DEPLOYMENT_TARGET = 7.1;
				SDKROOT = iphoneos;
				TARGETED_DEVICE_FAMILY = "1,2";
				VALIDATE_PRODUCT = YES;
			};
			name = Release;
		};
		66E1251719A8DC0900099899 /* Debug */ = {
			isa = XCBuildConfiguration;
			buildSettings = {
				ASSETCATALOG_COMPILER_APPICON_NAME = AppIcon;
				ASSETCATALOG_COMPILER_LAUNCHIMAGE_NAME = LaunchImage;
				CLANG_ANALYZER_SECURITY_FLOATLOOPCOUNTER = YES;
				CLANG_ANALYZER_SECURITY_INSECUREAPI_RAND = YES;
				CLANG_ANALYZER_SECURITY_INSECUREAPI_STRCPY = YES;
				CLANG_WARN_IMPLICIT_SIGN_CONVERSION = YES;
				CLANG_WARN_OBJC_EXPLICIT_OWNERSHIP_TYPE = YES;
				CLANG_WARN_OBJC_IMPLICIT_ATOMIC_PROPERTIES = YES;
				CLANG_WARN_OBJC_IMPLICIT_RETAIN_SELF = YES;
				CLANG_WARN_OBJC_RECEIVER_WEAK = YES;
				CLANG_WARN_OBJC_REPEATED_USE_OF_WEAK = YES;
				CLANG_WARN_SUSPICIOUS_IMPLICIT_CONVERSION = YES;
				GCC_PRECOMPILE_PREFIX_HEADER = YES;
				GCC_PREFIX_HEADER = "BuildingAURLDrivenApp/SupportingFiles/BuildingAURLDrivenApp-Prefix.pch";
				GCC_TREAT_IMPLICIT_FUNCTION_DECLARATIONS_AS_ERRORS = YES;
				GCC_TREAT_INCOMPATIBLE_POINTER_TYPE_WARNINGS_AS_ERRORS = YES;
				GCC_TREAT_WARNINGS_AS_ERRORS = YES;
				GCC_WARN_ABOUT_MISSING_FIELD_INITIALIZERS = YES;
				GCC_WARN_ABOUT_MISSING_NEWLINE = YES;
				GCC_WARN_ABOUT_MISSING_PROTOTYPES = YES;
				GCC_WARN_FOUR_CHARACTER_CONSTANTS = YES;
				GCC_WARN_INITIALIZER_NOT_FULLY_BRACKETED = YES;
				GCC_WARN_PEDANTIC = YES;
				GCC_WARN_SHADOW = YES;
				GCC_WARN_SIGN_COMPARE = YES;
				GCC_WARN_UNKNOWN_PRAGMAS = YES;
				GCC_WARN_UNUSED_LABEL = NO;
				GCC_WARN_UNUSED_PARAMETER = NO;
				INFOPLIST_FILE = "BuildingAURLDrivenApp/SupportingFiles/BuildingAURLDrivenApp-Info.plist";
				PRODUCT_NAME = "$(TARGET_NAME)";
				WRAPPER_EXTENSION = app;
			};
			name = Debug;
		};
		66E1251819A8DC0900099899 /* Release */ = {
			isa = XCBuildConfiguration;
			buildSettings = {
				ASSETCATALOG_COMPILER_APPICON_NAME = AppIcon;
				ASSETCATALOG_COMPILER_LAUNCHIMAGE_NAME = LaunchImage;
				CLANG_ANALYZER_SECURITY_FLOATLOOPCOUNTER = YES;
				CLANG_ANALYZER_SECURITY_INSECUREAPI_RAND = YES;
				CLANG_ANALYZER_SECURITY_INSECUREAPI_STRCPY = YES;
				CLANG_WARN_IMPLICIT_SIGN_CONVERSION = YES;
				CLANG_WARN_OBJC_EXPLICIT_OWNERSHIP_TYPE = YES;
				CLANG_WARN_OBJC_IMPLICIT_ATOMIC_PROPERTIES = YES;
				CLANG_WARN_OBJC_IMPLICIT_RETAIN_SELF = YES;
				CLANG_WARN_OBJC_RECEIVER_WEAK = YES;
				CLANG_WARN_OBJC_REPEATED_USE_OF_WEAK = YES;
				CLANG_WARN_SUSPICIOUS_IMPLICIT_CONVERSION = YES;
				GCC_PRECOMPILE_PREFIX_HEADER = YES;
				GCC_PREFIX_HEADER = "BuildingAURLDrivenApp/SupportingFiles/BuildingAURLDrivenApp-Prefix.pch";
				GCC_TREAT_IMPLICIT_FUNCTION_DECLARATIONS_AS_ERRORS = YES;
				GCC_TREAT_INCOMPATIBLE_POINTER_TYPE_WARNINGS_AS_ERRORS = YES;
				GCC_TREAT_WARNINGS_AS_ERRORS = YES;
				GCC_WARN_ABOUT_MISSING_FIELD_INITIALIZERS = YES;
				GCC_WARN_ABOUT_MISSING_NEWLINE = YES;
				GCC_WARN_ABOUT_MISSING_PROTOTYPES = YES;
				GCC_WARN_FOUR_CHARACTER_CONSTANTS = YES;
				GCC_WARN_INITIALIZER_NOT_FULLY_BRACKETED = YES;
				GCC_WARN_PEDANTIC = YES;
				GCC_WARN_SHADOW = YES;
				GCC_WARN_SIGN_COMPARE = YES;
				GCC_WARN_UNKNOWN_PRAGMAS = YES;
				GCC_WARN_UNUSED_LABEL = NO;
				GCC_WARN_UNUSED_PARAMETER = NO;
				INFOPLIST_FILE = "BuildingAURLDrivenApp/SupportingFiles/BuildingAURLDrivenApp-Info.plist";
				PRODUCT_NAME = "$(TARGET_NAME)";
				WRAPPER_EXTENSION = app;
			};
			name = Release;
		};
		66E1251A19A8DC0900099899 /* Debug */ = {
			isa = XCBuildConfiguration;
			buildSettings = {
				BUNDLE_LOADER = "$(BUILT_PRODUCTS_DIR)/BuildingAURLDrivenApp.app/BuildingAURLDrivenApp";
				FRAMEWORK_SEARCH_PATHS = (
					"$(SDKROOT)/Developer/Library/Frameworks",
					"$(inherited)",
					"$(DEVELOPER_FRAMEWORKS_DIR)",
				);
				GCC_PRECOMPILE_PREFIX_HEADER = YES;
				GCC_PREPROCESSOR_DEFINITIONS = (
					"DEBUG=1",
					"$(inherited)",
				);
				INFOPLIST_FILE = "BuildingAURLDrivenAppTests/BuildingAURLDrivenAppTests-Info.plist";
				PRODUCT_NAME = "$(TARGET_NAME)";
				TEST_HOST = "$(BUNDLE_LOADER)";
				WRAPPER_EXTENSION = xctest;
			};
			name = Debug;
		};
		66E1251B19A8DC0900099899 /* Release */ = {
			isa = XCBuildConfiguration;
			buildSettings = {
				BUNDLE_LOADER = "$(BUILT_PRODUCTS_DIR)/BuildingAURLDrivenApp.app/BuildingAURLDrivenApp";
				FRAMEWORK_SEARCH_PATHS = (
					"$(SDKROOT)/Developer/Library/Frameworks",
					"$(inherited)",
					"$(DEVELOPER_FRAMEWORKS_DIR)",
				);
				GCC_PRECOMPILE_PREFIX_HEADER = YES;
				INFOPLIST_FILE = "BuildingAURLDrivenAppTests/BuildingAURLDrivenAppTests-Info.plist";
				PRODUCT_NAME = "$(TARGET_NAME)";
				TEST_HOST = "$(BUNDLE_LOADER)";
				WRAPPER_EXTENSION = xctest;
			};
			name = Release;
		};
/* End XCBuildConfiguration section */

/* Begin XCConfigurationList section */
		66E124DC19A8DC0900099899 /* Build configuration list for PBXProject "BuildingAURLDrivenApp" */ = {
			isa = XCConfigurationList;
			buildConfigurations = (
				66E1251419A8DC0900099899 /* Debug */,
				66E1251519A8DC0900099899 /* Release */,
			);
			defaultConfigurationIsVisible = 0;
			defaultConfigurationName = Release;
		};
		66E1251619A8DC0900099899 /* Build configuration list for PBXNativeTarget "BuildingAURLDrivenApp" */ = {
			isa = XCConfigurationList;
			buildConfigurations = (
				66E1251719A8DC0900099899 /* Debug */,
				66E1251819A8DC0900099899 /* Release */,
			);
			defaultConfigurationIsVisible = 0;
			defaultConfigurationName = Release;
		};
		66E1251919A8DC0900099899 /* Build configuration list for PBXNativeTarget "BuildingAURLDrivenAppTests" */ = {
			isa = XCConfigurationList;
			buildConfigurations = (
				66E1251A19A8DC0900099899 /* Debug */,
				66E1251B19A8DC0900099899 /* Release */,
			);
			defaultConfigurationIsVisible = 0;
			defaultConfigurationName = Release;
		};
/* End XCConfigurationList section */
	};
	rootObject = 66E124D919A8DC0900099899 /* Project object */;
}
